
Microsoft Visual Studio Solution File, Format Version 12.00
# Visual Studio Version 16
VisualStudioVersion = 16.0.30611.23
MinimumVisualStudioVersion = 10.0.40219.1
Project("{FAE04EC0-301F-11D3-BF4B-00C04F79EFBC}") = "DiscordBot", "discord-channel-exporter\DiscordBot.csproj", "{032DC14A-DFF0-4775-A442-62DB8BC734EF}"
EndProject
Global
	GlobalSection(SolutionConfigurationPlatforms) = preSolution
		Debug|Any CPU = Debug|Any CPU
		Release|Any CPU = Release|Any CPU
	EndGlobalSection
	GlobalSection(ProjectConfigurationPlatforms) = postSolution
		{032DC14A-DFF0-4775-A442-62DB8BC734EF}.Debug|Any CPU.ActiveCfg = Debug|Any CPU
		{032DC14A-DFF0-4775-A442-62DB8BC734EF}.Debug|Any CPU.Build.0 = Debug|Any CPU
		{032DC14A-DFF0-4775-A442-62DB8BC734EF}.Release|Any CPU.ActiveCfg = Release|Any CPU
		{032DC14A-DFF0-4775-A442-62DB8BC734EF}.Release|Any CPU.Build.0 = Release|Any CPU
	EndGlobalSection
	GlobalSection(SolutionProperties) = preSolution
		HideSolutionNode = FALSE
	EndGlobalSection
	GlobalSection(ExtensibilityGlobals) = postSolution
		SolutionGuid = {BF613510-40D9-418D-B541-0B0B4959C38C}
	EndGlobalSection
EndGlobal
